{
  "name": "morserino-trainer",
  "version": "1.0.0",
  "lockfileVersion": 2,
  "requires": true,
  "packages": {
    "": {
      "name": "morserino-trainer",
      "version": "1.0.0",
      "license": "MIT",
      "dependencies": {
        "myers-diff": "^2.0.1"
      }
    },
    "node_modules/myers-diff": {
      "version": "2.0.1",
      "resolved": "https://registry.npmjs.org/myers-diff/-/myers-diff-2.0.1.tgz",
      "integrity": "sha512-NzdspCVzE683Wsc2gcDR107lhqc8d5vNtPV72DV7FNdIGgNBG7lZgQOWmFYvEEPWtaewyx+HzdcITVNBL8N8Sw==",
      "engines": {
        "node": ">=10"
      }
    }
  },
  "dependencies": {
    "myers-diff": {
      "version": "2.0.1",
      "resolved": "https://registry.npmjs.org/myers-diff/-/myers-diff-2.0.1.tgz",
      "integrity": "sha512-NzdspCVzE683Wsc2gcDR107lhqc8d5vNtPV72DV7FNdIGgNBG7lZgQOWmFYvEEPWtaewyx+HzdcITVNBL8N8Sw=="
    }
  }
}
